
Microsoft Visual Studio Solution File, Format Version 12.00
# Visual Studio Version 17
VisualStudioVersion = 17.10.35013.160
MinimumVisualStudioVersion = 10.0.40219.1
Project("{9A19103F-16F7-4668-BE54-9A1E7A4F7556}") = "ffooe.service.worker", "ffooe.service.worker\ffooe.service.worker.csproj", "{0025A93B-62A9-4A73-9DB0-7C9310309835}"
EndProject
Project("{9A19103F-16F7-4668-BE54-9A1E7A4F7556}") = "ffooe.db.context", "ffooe.db.context\ffooe.db.context.csproj", "{74067E32-3107-4E65-8C75-36BFBA8CA7CF}"
EndProject
Project("{9A19103F-16F7-4668-BE54-9A1E7A4F7556}") = "ffooe.db.entities", "ffooe.db.entities\ffooe.db.entities.csproj", "{848A6728-BD41-4918-A14D-D834F7A953C7}"
EndProject
Global
	GlobalSection(SolutionConfigurationPlatforms) = preSolution
		Debug|Any CPU = Debug|Any CPU
		Release|Any CPU = Release|Any CPU
	EndGlobalSection
	GlobalSection(ProjectConfigurationPlatforms) = postSolution
		{0025A93B-62A9-4A73-9DB0-7C9310309835}.Debug|Any CPU.ActiveCfg = Debug|Any CPU
		{0025A93B-62A9-4A73-9DB0-7C9310309835}.Debug|Any CPU.Build.0 = Debug|Any CPU
		{0025A93B-62A9-4A73-9DB0-7C9310309835}.Release|Any CPU.ActiveCfg = Release|Any CPU
		{0025A93B-62A9-4A73-9DB0-7C9310309835}.Release|Any CPU.Build.0 = Release|Any CPU
		{74067E32-3107-4E65-8C75-36BFBA8CA7CF}.Debug|Any CPU.ActiveCfg = Debug|Any CPU
		{74067E32-3107-4E65-8C75-36BFBA8CA7CF}.Debug|Any CPU.Build.0 = Debug|Any CPU
		{74067E32-3107-4E65-8C75-36BFBA8CA7CF}.Release|Any CPU.ActiveCfg = Release|Any CPU
		{74067E32-3107-4E65-8C75-36BFBA8CA7CF}.Release|Any CPU.Build.0 = Release|Any CPU
		{848A6728-BD41-4918-A14D-D834F7A953C7}.Debug|Any CPU.ActiveCfg = Debug|Any CPU
		{848A6728-BD41-4918-A14D-D834F7A953C7}.Debug|Any CPU.Build.0 = Debug|Any CPU
		{848A6728-BD41-4918-A14D-D834F7A953C7}.Release|Any CPU.ActiveCfg = Release|Any CPU
		{848A6728-BD41-4918-A14D-D834F7A953C7}.Release|Any CPU.Build.0 = Release|Any CPU
	EndGlobalSection
	GlobalSection(SolutionProperties) = preSolution
		HideSolutionNode = FALSE
	EndGlobalSection
	GlobalSection(ExtensibilityGlobals) = postSolution
		SolutionGuid = {8CBD8693-D502-4CAD-89B1-665DCA4FD396}
	EndGlobalSection
EndGlobal
