
Microsoft Visual Studio Solution File, Format Version 12.00
# Visual Studio Version 17
VisualStudioVersion = 17.10.35013.160
MinimumVisualStudioVersion = 10.0.40219.1
Project("{9A19103F-16F7-4668-BE54-9A1E7A4F7556}") = "ffooe.rest.api", "ffooe.rest.api\ffooe.rest.api.csproj", "{2163CBAA-2E85-492B-9605-DCA1E5873663}"
EndProject
Project("{FAE04EC0-301F-11D3-BF4B-00C04F79EFBC}") = "ffooe.db.context", "ffooe.db.context\ffooe.db.context.csproj", "{68584FA3-E61A-4556-9406-DBBF19CE056A}"
EndProject
Project("{FAE04EC0-301F-11D3-BF4B-00C04F79EFBC}") = "ffooe.db.entities", "ffooe.db.entities\ffooe.db.entities.csproj", "{69A6B58A-2DC3-495E-910A-BCEA9BCAAB98}"
EndProject
Global
	GlobalSection(SolutionConfigurationPlatforms) = preSolution
		Debug|Any CPU = Debug|Any CPU
		Release|Any CPU = Release|Any CPU
	EndGlobalSection
	GlobalSection(ProjectConfigurationPlatforms) = postSolution
		{2163CBAA-2E85-492B-9605-DCA1E5873663}.Debug|Any CPU.ActiveCfg = Debug|Any CPU
		{2163CBAA-2E85-492B-9605-DCA1E5873663}.Debug|Any CPU.Build.0 = Debug|Any CPU
		{2163CBAA-2E85-492B-9605-DCA1E5873663}.Release|Any CPU.ActiveCfg = Release|Any CPU
		{2163CBAA-2E85-492B-9605-DCA1E5873663}.Release|Any CPU.Build.0 = Release|Any CPU
		{68584FA3-E61A-4556-9406-DBBF19CE056A}.Debug|Any CPU.ActiveCfg = Debug|Any CPU
		{68584FA3-E61A-4556-9406-DBBF19CE056A}.Debug|Any CPU.Build.0 = Debug|Any CPU
		{68584FA3-E61A-4556-9406-DBBF19CE056A}.Release|Any CPU.ActiveCfg = Release|Any CPU
		{68584FA3-E61A-4556-9406-DBBF19CE056A}.Release|Any CPU.Build.0 = Release|Any CPU
		{69A6B58A-2DC3-495E-910A-BCEA9BCAAB98}.Debug|Any CPU.ActiveCfg = Debug|Any CPU
		{69A6B58A-2DC3-495E-910A-BCEA9BCAAB98}.Debug|Any CPU.Build.0 = Debug|Any CPU
		{69A6B58A-2DC3-495E-910A-BCEA9BCAAB98}.Release|Any CPU.ActiveCfg = Release|Any CPU
		{69A6B58A-2DC3-495E-910A-BCEA9BCAAB98}.Release|Any CPU.Build.0 = Release|Any CPU
	EndGlobalSection
	GlobalSection(SolutionProperties) = preSolution
		HideSolutionNode = FALSE
	EndGlobalSection
	GlobalSection(ExtensibilityGlobals) = postSolution
		SolutionGuid = {63F8E295-71E6-434F-B873-55DB4CEFAE5E}
	EndGlobalSection
EndGlobal
