
Microsoft Visual Studio Solution File, Format Version 12.00
# Visual Studio Version 17
VisualStudioVersion = 17.10.35013.160
MinimumVisualStudioVersion = 10.0.40219.1
Project("{FAE04EC0-301F-11D3-BF4B-00C04F79EFBC}") = "ffooe.service.worker", "ffooe.service.worker\ffooe.service.worker.csproj", "{0025A93B-62A9-4A73-9DB0-7C9310309835}"
EndProject
Global
	GlobalSection(SolutionConfigurationPlatforms) = preSolution
		Debug|Any CPU = Debug|Any CPU
		Release|Any CPU = Release|Any CPU
	EndGlobalSection
	GlobalSection(ProjectConfigurationPlatforms) = postSolution
		{0025A93B-62A9-4A73-9DB0-7C9310309835}.Debug|Any CPU.ActiveCfg = Debug|Any CPU
		{0025A93B-62A9-4A73-9DB0-7C9310309835}.Debug|Any CPU.Build.0 = Debug|Any CPU
		{0025A93B-62A9-4A73-9DB0-7C9310309835}.Release|Any CPU.ActiveCfg = Release|Any CPU
		{0025A93B-62A9-4A73-9DB0-7C9310309835}.Release|Any CPU.Build.0 = Release|Any CPU
	EndGlobalSection
	GlobalSection(SolutionProperties) = preSolution
		HideSolutionNode = FALSE
	EndGlobalSection
	GlobalSection(ExtensibilityGlobals) = postSolution
		SolutionGuid = {8CBD8693-D502-4CAD-89B1-665DCA4FD396}
	EndGlobalSection
EndGlobal
